# Prisma Migrate lockfile v1

20201021133637-init
20201021172458-unique-name
20201022065048-change-id-option
20201022091651-post--content-connection
20201022092651-update-post--content
20201022093027-fix-contents-model-name
20201022102158-fix-post-title-unique
20201022140916-fix-post-title-option
20201023190052-add-tumbnail
20201023190601-fix-thumbnail-option
20201023190821-fix-tumbnail-option
20201023193950-fix-post-id-option
20201114134313-edit-content